// !$*UTF8*$!
{
	archiveVersion = 1;
	classes = {
	};
	objectVersion = 46;
	objects = {

/* Begin PBXBuildFile section */
		3D9465751B2D6D28007D3210 /* main.m in Sources */ = {isa = PBXBuildFile; fileRef = 3D9465741B2D6D28007D3210 /* main.m */; };
		3D94657D1B2D6D4C007D3210 /* MyTestFormatter.m in Sources */ = {isa = PBXBuildFile; fileRef = 3D94657C1B2D6D4C007D3210 /* MyTestFormatter.m */; };
/* End PBXBuildFile section */

/* Begin PBXCopyFilesBuildPhase section */
		3D94656F1B2D6D28007D3210 /* CopyFiles */ = {
			isa = PBXCopyFilesBuildPhase;
			buildActionMask = 2147483647;
			dstPath = /usr/share/man/man1/;
			dstSubfolderSpec = 0;
			files = (
			);
			runOnlyForDeploymentPostprocessing = 1;
		};
/* End PBXCopyFilesBuildPhase section */

/* Begin PBXFileReference section */
		3D9465711B2D6D28007D3210 /* NSCodingDesignatedInitializer */ = {isa = PBXFileReference; explicitFileType = "compiled.mach-o.executable"; includeInIndex = 0; path = NSCodingDesignatedInitializer; sourceTree = BUILT_PRODUCTS_DIR; };
		3D9465741B2D6D28007D3210 /* main.m */ = {isa = PBXFileReference; lastKnownFileType = sourcecode.c.objc; path = main.m; sourceTree = "<group>"; };
		3D94657B1B2D6D4C007D3210 /* MyTestFormatter.h */ = {isa = PBXFileReference; fileEncoding = 4; lastKnownFileType = sourcecode.c.h; path = MyTestFormatter.h; sourceTree = "<group>"; };
		3D94657C1B2D6D4C007D3210 /* MyTestFormatter.m */ = {isa = PBXFileReference; fileEncoding = 4; lastKnownFileType = sourcecode.c.objc; path = MyTestFormatter.m; sourceTree = "<group>"; };
/* End PBXFileReference section */

/* Begin PBXFrameworksBuildPhase section */
		3D94656E1B2D6D28007D3210 /* Frameworks */ = {
			isa = PBXFrameworksBuildPhase;
			buildActionMask = 2147483647;
			files = (
			);
			runOnlyForDeploymentPostprocessing = 0;
		};
/* End PBXFrameworksBuildPhase section */

/* Begin PBXGroup section */
		3D9465681B2D6D28007D3210 = {
			isa = PBXGroup;
			children = (
				3D94657B1B2D6D4C007D3210 /* MyTestFormatter.h */,
				3D94657C1B2D6D4C007D3210 /* MyTestFormatter.m */,
				3D9465731B2D6D28007D3210 /* NSCodingDesignatedInitializer */,
				3D9465721B2D6D28007D3210 /* Products */,
			);
			sourceTree = "<group>";
		};
		3D9465721B2D6D28007D3210 /* Products */ = {
			isa = PBXGroup;
			children = (
				3D9465711B2D6D28007D3210 /* NSCodingDesignatedInitializer */,
			);
			name = Products;
			sourceTree = "<group>";
		};
		3D9465731B2D6D28007D3210 /* NSCodingDesignatedInitializer */ = {
			isa = PBXGroup;
			children = (
				3D9465741B2D6D28007D3210 /* main.m */,
			);
			path = NSCodingDesignatedInitializer;
			sourceTree = "<group>";
		};
/* End PBXGroup section */

/* Begin PBXNativeTarget section */
		3D9465701B2D6D28007D3210 /* NSCodingDesignatedInitializer */ = {
			isa = PBXNativeTarget;
			buildConfigurationList = 3D9465781B2D6D28007D3210 /* Build configuration list for PBXNativeTarget "NSCodingDesignatedInitializer" */;
			buildPhases = (
				3D94656D1B2D6D28007D3210 /* Sources */,
				3D94656E1B2D6D28007D3210 /* Frameworks */,
				3D94656F1B2D6D28007D3210 /* CopyFiles */,
			);
			buildRules = (
			);
			dependencies = (
			);
			name = NSCodingDesignatedInitializer;
			productName = NSCodingDesignatedInitializer;
			productReference = 3D9465711B2D6D28007D3210 /* NSCodingDesignatedInitializer */;
			productType = "com.apple.product-type.tool";
		};
/* End PBXNativeTarget section */

/* Begin PBXProject section */
		3D9465691B2D6D28007D3210 /* Project object */ = {
			isa = PBXProject;
			attributes = {
				LastUpgradeCheck = 0700;
				ORGANIZATIONNAME = "Jan Weiß";
				TargetAttributes = {
					3D9465701B2D6D28007D3210 = {
						CreatedOnToolsVersion = 7.0;
					};
				};
			};
			buildConfigurationList = 3D94656C1B2D6D28007D3210 /* Build configuration list for PBXProject "NSCodingDesignatedInitializer" */;
			compatibilityVersion = "Xcode 3.2";
			developmentRegion = English;
			hasScannedForEncodings = 0;
			knownRegions = (
				en,
			);
			mainGroup = 3D9465681B2D6D28007D3210;
			productRefGroup = 3D9465721B2D6D28007D3210 /* Products */;
			projectDirPath = "";
			projectRoot = "";
			targets = (
				3D9465701B2D6D28007D3210 /* NSCodingDesignatedInitializer */,
			);
		};
/* End PBXProject section */

/* Begin PBXSourcesBuildPhase section */
		3D94656D1B2D6D28007D3210 /* Sources */ = {
			isa = PBXSourcesBuildPhase;
			buildActionMask = 2147483647;
			files = (
				3D94657D1B2D6D4C007D3210 /* MyTestFormatter.m in Sources */,
				3D9465751B2D6D28007D3210 /* main.m in Sources */,
			);
			runOnlyForDeploymentPostprocessing = 0;
		};
/* End PBXSourcesBuildPhase section */

/* Begin XCBuildConfiguration section */
		3D9465761B2D6D28007D3210 /* Debug */ = {
			isa = XCBuildConfiguration;
			buildSettings = {
				ALWAYS_SEARCH_USER_PATHS = NO;
				CLANG_CXX_LANGUAGE_STANDARD = "gnu++0x";
				CLANG_CXX_LIBRARY = "libc++";
				CLANG_ENABLE_MODULES = YES;
				CLANG_ENABLE_OBJC_ARC = YES;
				CLANG_WARN_BOOL_CONVERSION = YES;
				CLANG_WARN_CONSTANT_CONVERSION = YES;
				CLANG_WARN_DIRECT_OBJC_ISA_USAGE = YES_ERROR;
				CLANG_WARN_EMPTY_BODY = YES;
				CLANG_WARN_ENUM_CONVERSION = YES;
				CLANG_WARN_INT_CONVERSION = YES;
				CLANG_WARN_OBJC_ROOT_CLASS = YES_ERROR;
				CLANG_WARN_UNREACHABLE_CODE = YES;
				CLANG_WARN__DUPLICATE_METHOD_MATCH = YES;
				COPY_PHASE_STRIP = NO;
				DEBUG_INFORMATION_FORMAT = dwarf;
				ENABLE_STRICT_OBJC_MSGSEND = YES;
				ENABLE_TESTABILITY = YES;
				GCC_C_LANGUAGE_STANDARD = gnu99;
				GCC_DYNAMIC_NO_PIC = NO;
				GCC_NO_COMMON_BLOCKS = YES;
				GCC_OPTIMIZATION_LEVEL = 0;
				GCC_PREPROCESSOR_DEFINITIONS = (
					"DEBUG=1",
					"$(inherited)",
				);
				GCC_WARN_64_TO_32_BIT_CONVERSION = YES;
				GCC_WARN_ABOUT_RETURN_TYPE = YES_ERROR;
				GCC_WARN_UNDECLARED_SELECTOR = YES;
				GCC_WARN_UNINITIALIZED_AUTOS = YES_AGGRESSIVE;
				GCC_WARN_UNUSED_FUNCTION = YES;
				GCC_WARN_UNUSED_VARIABLE = YES;
				MACOSX_DEPLOYMENT_TARGET = 10.10;
				MTL_ENABLE_DEBUG_INFO = YES;
				ONLY_ACTIVE_ARCH = YES;
				SDKROOT = macosx;
			};
			name = Debug;
		};
		3D9465771B2D6D28007D3210 /* Release */ = {
			isa = XCBuildConfiguration;
			buildSettings = {
				ALWAYS_SEARCH_USER_PATHS = NO;
				CLANG_CXX_LANGUAGE_STANDARD = "gnu++0x";
				CLANG_CXX_LIBRARY = "libc++";
				CLANG_ENABLE_MODULES = YES;
				CLANG_ENABLE_OBJC_ARC = YES;
				CLANG_WARN_BOOL_CONVERSION = YES;
				CLANG_WARN_CONSTANT_CONVERSION = YES;
				CLANG_WARN_DIRECT_OBJC_ISA_USAGE = YES_ERROR;
				CLANG_WARN_EMPTY_BODY = YES;
				CLANG_WARN_ENUM_CONVERSION = YES;
				CLANG_WARN_INT_CONVERSION = YES;
				CLANG_WARN_OBJC_ROOT_CLASS = YES_ERROR;
				CLANG_WARN_UNREACHABLE_CODE = YES;
				CLANG_WARN__DUPLICATE_METHOD_MATCH = YES;
				COPY_PHASE_STRIP = NO;
				DEBUG_INFORMATION_FORMAT = "dwarf-with-dsym";
				ENABLE_NS_ASSERTIONS = NO;
				ENABLE_STRICT_OBJC_MSGSEND = YES;
				GCC_C_LANGUAGE_STANDARD = gnu99;
				GCC_NO_COMMON_BLOCKS = YES;
				GCC_WARN_64_TO_32_BIT_CONVERSION = YES;
				GCC_WARN_ABOUT_RETURN_TYPE = YES_ERROR;
				GCC_WARN_UNDECLARED_SELECTOR = YES;
				GCC_WARN_UNINITIALIZED_AUTOS = YES_AGGRESSIVE;
				GCC_WARN_UNUSED_FUNCTION = YES;
				GCC_WARN_UNUSED_VARIABLE = YES;
				MACOSX_DEPLOYMENT_TARGET = 10.10;
				MTL_ENABLE_DEBUG_INFO = NO;
				SDKROOT = macosx;
			};
			name = Release;
		};
		3D9465791B2D6D28007D3210 /* Debug */ = {
			isa = XCBuildConfiguration;
			buildSettings = {
				PRODUCT_NAME = "$(TARGET_NAME)";
			};
			name = Debug;
		};
		3D94657A1B2D6D28007D3210 /* Release */ = {
			isa = XCBuildConfiguration;
			buildSettings = {
				PRODUCT_NAME = "$(TARGET_NAME)";
			};
			name = Release;
		};
/* End XCBuildConfiguration section */

/* Begin XCConfigurationList section */
		3D94656C1B2D6D28007D3210 /* Build configuration list for PBXProject "NSCodingDesignatedInitializer" */ = {
			isa = XCConfigurationList;
			buildConfigurations = (
				3D9465761B2D6D28007D3210 /* Debug */,
				3D9465771B2D6D28007D3210 /* Release */,
			);
			defaultConfigurationIsVisible = 0;
			defaultConfigurationName = Release;
		};
		3D9465781B2D6D28007D3210 /* Build configuration list for PBXNativeTarget "NSCodingDesignatedInitializer" */ = {
			isa = XCConfigurationList;
			buildConfigurations = (
				3D9465791B2D6D28007D3210 /* Debug */,
				3D94657A1B2D6D28007D3210 /* Release */,
			);
			defaultConfigurationIsVisible = 0;
		};
/* End XCConfigurationList section */
	};
	rootObject = 3D9465691B2D6D28007D3210 /* Project object */;
}
